
Microsoft Visual Studio Solution File, Format Version 12.00
# Visual Studio Version 17
VisualStudioVersion = 17.0.31903.59
MinimumVisualStudioVersion = 10.0.40219.1
Project("{9A19103F-16F7-4668-BE54-9A1E7A4F7556}") = "Common", "Common\Common.csproj", "{C130C962-D17F-4741-B2B4-D74263BF380A}"
EndProject
Project("{9A19103F-16F7-4668-BE54-9A1E7A4F7556}") = "Owin", "Owin\Owin.csproj", "{00CC1A50-B233-4045-9540-CB2316808C1B}"
EndProject
Project("{9A19103F-16F7-4668-BE54-9A1E7A4F7556}") = "Benchmarks", "Benchmarks\Benchmarks.csproj", "{35D73C72-267B-4598-ABC0-F1E1BACDE451}"
EndProject
Project("{9A19103F-16F7-4668-BE54-9A1E7A4F7556}") = "Testing", "Testing\Testing.csproj", "{0814C69A-E4A5-4FC9-BC57-415F8295B6B6}"
EndProject
Project("{9A19103F-16F7-4668-BE54-9A1E7A4F7556}") = "FSharp", "FSharp\FSharp.csproj", "{A904B17F-1015-4676-B731-32353C22C49D}"
EndProject
Project("{9A19103F-16F7-4668-BE54-9A1E7A4F7556}") = "Owin.Demo", "Owin.Demo\Owin.Demo.csproj", "{3C2A0FC7-4485-4654-B3B2-5717A2F2C97A}"
EndProject
Project("{9A19103F-16F7-4668-BE54-9A1E7A4F7556}") = "VisualBasic", "VisualBasic\VisualBasic.csproj", "{C8076D77-4C5A-450E-AF3F-9E37A8B512D8}"
EndProject
Project("{2150E333-8FDC-42A3-9474-1A3956D46DE8}") = "[Includes]", "[Includes]", "{9EC6CF09-4D36-4723-9548-060215C88E50}"
	ProjectSection(SolutionItems) = preProject
		Directory.Build.props = Directory.Build.props
		NuGet.Common.props = NuGet.Common.props
	EndProjectSection
EndProject
Project("{9A19103F-16F7-4668-BE54-9A1E7A4F7556}") = "Php", "Php\Php.csproj", "{C40A0924-7A1C-4488-ADF1-3B57ACEFD892}"
EndProject
Project("{9A19103F-16F7-4668-BE54-9A1E7A4F7556}") = "AspNetCore", "AspNetCore\AspNetCore.csproj", "{D3BFCC28-012C-45A0-8B24-D1349D81E86D}"
EndProject
Project("{2150E333-8FDC-42A3-9474-1A3956D46DE8}") = "[Servers]", "[Servers]", "{8FC36475-1AD2-4EA0-96E0-D09E35E4B721}"
EndProject
Project("{2150E333-8FDC-42A3-9474-1A3956D46DE8}") = "[Languages]", "[Languages]", "{97118BF6-2939-475C-9FE9-18401F1D744F}"
EndProject
Project("{2150E333-8FDC-42A3-9474-1A3956D46DE8}") = "[Tests]", "[Tests]", "{269EAC4A-4214-4458-9B65-42E809E168E7}"
EndProject
Project("{9A19103F-16F7-4668-BE54-9A1E7A4F7556}") = "AspNetCore.Demo", "AspNetCore.Demo\AspNetCore.Demo.csproj", "{8E96EC9F-6332-4274-AA07-F8D30FA0284C}"
EndProject
Project("{9A19103F-16F7-4668-BE54-9A1E7A4F7556}") = "Tests.RoslynLatest", "Tests.RoslynLatest\Tests.RoslynLatest.csproj", "{72B44FAA-5B8E-470D-B20E-AC6017B5A1D9}"
EndProject
Project("{9A19103F-16F7-4668-BE54-9A1E7A4F7556}") = "AspNetCore.Demo.Library", "AspNetCore.Demo.Library\AspNetCore.Demo.Library.csproj", "{2FD91F17-E789-4789-A1F6-5D794E6B6DA7}"
EndProject
Project("{9A19103F-16F7-4668-BE54-9A1E7A4F7556}") = "Tests", "Tests\Tests.csproj", "{7A8A4E1B-4BBF-4EB9-A84C-0EEAC9821461}"
EndProject
Project("{9A19103F-16F7-4668-BE54-9A1E7A4F7556}") = "IL", "IL\IL.csproj", "{8179677B-F8FB-4F6F-A520-A8C0437355FE}"
EndProject
Project("{9A19103F-16F7-4668-BE54-9A1E7A4F7556}") = "Internal.Roslyn42", "Internal.Roslyn42\Internal.Roslyn42.csproj", "{1C3E806E-AA61-4DB7-A17F-4282C7B34339}"
EndProject
Project("{2150E333-8FDC-42A3-9474-1A3956D46DE8}") = "[Internal.Roslyn]", "[Internal.Roslyn]", "{4F01ABD9-3F66-4D4B-A8B0-ED15B77099E2}"
EndProject
Project("{9A19103F-16F7-4668-BE54-9A1E7A4F7556}") = "Internal.Roslyn33", "Internal.Roslyn33\Internal.Roslyn33.csproj", "{08AA2078-B9B4-4A24-9095-3D9FF57F2CBC}"
EndProject
Project("{9A19103F-16F7-4668-BE54-9A1E7A4F7556}") = "Internal.Roslyn41", "Internal.Roslyn41\Internal.Roslyn41.csproj", "{8932BD8E-EBAB-48D5-8496-A9D0E5B85D06}"
EndProject
Project("{9A19103F-16F7-4668-BE54-9A1E7A4F7556}") = "Internal.Roslyn36", "Internal.Roslyn36\Internal.Roslyn36.csproj", "{1C22408D-E366-4452-8357-FC582340CBD0}"
EndProject
Project("{9A19103F-16F7-4668-BE54-9A1E7A4F7556}") = "Internal.RoslynInternals", "Internal.RoslynInternals\Internal.RoslynInternals.csproj", "{ED6F657A-D1BF-4523-B303-82E7AC8788DE}"
EndProject
Project("{9A19103F-16F7-4668-BE54-9A1E7A4F7556}") = "AspNetCore.Demo.Net6", "AspNetCore.Demo.Net6\AspNetCore.Demo.Net6.csproj", "{EBB4385B-D592-4A9A-A42B-22C506577835}"
EndProject
Project("{9A19103F-16F7-4668-BE54-9A1E7A4F7556}") = "Internal.Roslyn43", "Internal.Roslyn43\Internal.Roslyn43.csproj", "{A89CA8DD-8730-4291-B931-85ADBE3E964A}"
EndProject
Project("{9A19103F-16F7-4668-BE54-9A1E7A4F7556}") = "Internal.Roslyn44", "Internal.Roslyn44\Internal.Roslyn44.csproj", "{471A092B-76F9-4789-B028-113D5A1C261E}"
EndProject
Project("{FAE04EC0-301F-11D3-BF4B-00C04F79EFBC}") = "GenerateReferenceAssembliesPathTask", "GenerateReferenceAssembliesPathTask\GenerateReferenceAssembliesPathTask.csproj", "{ACF6EC25-CD19-42D3-A5B1-4D9EF5C4B7C1}"
EndProject
Global
	GlobalSection(SolutionConfigurationPlatforms) = preSolution
		Debug|Any CPU = Debug|Any CPU
		Release|Any CPU = Release|Any CPU
	EndGlobalSection
	GlobalSection(ProjectConfigurationPlatforms) = postSolution
		{C130C962-D17F-4741-B2B4-D74263BF380A}.Debug|Any CPU.ActiveCfg = Debug|Any CPU
		{C130C962-D17F-4741-B2B4-D74263BF380A}.Debug|Any CPU.Build.0 = Debug|Any CPU
		{C130C962-D17F-4741-B2B4-D74263BF380A}.Release|Any CPU.ActiveCfg = Release|Any CPU
		{C130C962-D17F-4741-B2B4-D74263BF380A}.Release|Any CPU.Build.0 = Release|Any CPU
		{00CC1A50-B233-4045-9540-CB2316808C1B}.Debug|Any CPU.ActiveCfg = Debug|Any CPU
		{00CC1A50-B233-4045-9540-CB2316808C1B}.Debug|Any CPU.Build.0 = Debug|Any CPU
		{00CC1A50-B233-4045-9540-CB2316808C1B}.Release|Any CPU.ActiveCfg = Release|Any CPU
		{00CC1A50-B233-4045-9540-CB2316808C1B}.Release|Any CPU.Build.0 = Release|Any CPU
		{35D73C72-267B-4598-ABC0-F1E1BACDE451}.Debug|Any CPU.ActiveCfg = Debug|Any CPU
		{35D73C72-267B-4598-ABC0-F1E1BACDE451}.Debug|Any CPU.Build.0 = Debug|Any CPU
		{35D73C72-267B-4598-ABC0-F1E1BACDE451}.Release|Any CPU.ActiveCfg = Release|Any CPU
		{35D73C72-267B-4598-ABC0-F1E1BACDE451}.Release|Any CPU.Build.0 = Release|Any CPU
		{0814C69A-E4A5-4FC9-BC57-415F8295B6B6}.Debug|Any CPU.ActiveCfg = Debug|Any CPU
		{0814C69A-E4A5-4FC9-BC57-415F8295B6B6}.Debug|Any CPU.Build.0 = Debug|Any CPU
		{0814C69A-E4A5-4FC9-BC57-415F8295B6B6}.Release|Any CPU.ActiveCfg = Release|Any CPU
		{0814C69A-E4A5-4FC9-BC57-415F8295B6B6}.Release|Any CPU.Build.0 = Release|Any CPU
		{A904B17F-1015-4676-B731-32353C22C49D}.Debug|Any CPU.ActiveCfg = Debug|Any CPU
		{A904B17F-1015-4676-B731-32353C22C49D}.Debug|Any CPU.Build.0 = Debug|Any CPU
		{A904B17F-1015-4676-B731-32353C22C49D}.Release|Any CPU.ActiveCfg = Release|Any CPU
		{A904B17F-1015-4676-B731-32353C22C49D}.Release|Any CPU.Build.0 = Release|Any CPU
		{3C2A0FC7-4485-4654-B3B2-5717A2F2C97A}.Debug|Any CPU.ActiveCfg = Debug|Any CPU
		{3C2A0FC7-4485-4654-B3B2-5717A2F2C97A}.Debug|Any CPU.Build.0 = Debug|Any CPU
		{3C2A0FC7-4485-4654-B3B2-5717A2F2C97A}.Release|Any CPU.ActiveCfg = Release|Any CPU
		{3C2A0FC7-4485-4654-B3B2-5717A2F2C97A}.Release|Any CPU.Build.0 = Release|Any CPU
		{C8076D77-4C5A-450E-AF3F-9E37A8B512D8}.Debug|Any CPU.ActiveCfg = Debug|Any CPU
		{C8076D77-4C5A-450E-AF3F-9E37A8B512D8}.Debug|Any CPU.Build.0 = Debug|Any CPU
		{C8076D77-4C5A-450E-AF3F-9E37A8B512D8}.Release|Any CPU.ActiveCfg = Release|Any CPU
		{C8076D77-4C5A-450E-AF3F-9E37A8B512D8}.Release|Any CPU.Build.0 = Release|Any CPU
		{C40A0924-7A1C-4488-ADF1-3B57ACEFD892}.Debug|Any CPU.ActiveCfg = Debug|Any CPU
		{C40A0924-7A1C-4488-ADF1-3B57ACEFD892}.Debug|Any CPU.Build.0 = Debug|Any CPU
		{C40A0924-7A1C-4488-ADF1-3B57ACEFD892}.Release|Any CPU.ActiveCfg = Release|Any CPU
		{C40A0924-7A1C-4488-ADF1-3B57ACEFD892}.Release|Any CPU.Build.0 = Release|Any CPU
		{D3BFCC28-012C-45A0-8B24-D1349D81E86D}.Debug|Any CPU.ActiveCfg = Debug|Any CPU
		{D3BFCC28-012C-45A0-8B24-D1349D81E86D}.Debug|Any CPU.Build.0 = Debug|Any CPU
		{D3BFCC28-012C-45A0-8B24-D1349D81E86D}.Release|Any CPU.ActiveCfg = Release|Any CPU
		{D3BFCC28-012C-45A0-8B24-D1349D81E86D}.Release|Any CPU.Build.0 = Release|Any CPU
		{8E96EC9F-6332-4274-AA07-F8D30FA0284C}.Debug|Any CPU.ActiveCfg = Debug|Any CPU
		{8E96EC9F-6332-4274-AA07-F8D30FA0284C}.Debug|Any CPU.Build.0 = Debug|Any CPU
		{8E96EC9F-6332-4274-AA07-F8D30FA0284C}.Release|Any CPU.ActiveCfg = Release|Any CPU
		{8E96EC9F-6332-4274-AA07-F8D30FA0284C}.Release|Any CPU.Build.0 = Release|Any CPU
		{72B44FAA-5B8E-470D-B20E-AC6017B5A1D9}.Debug|Any CPU.ActiveCfg = Debug|Any CPU
		{72B44FAA-5B8E-470D-B20E-AC6017B5A1D9}.Debug|Any CPU.Build.0 = Debug|Any CPU
		{72B44FAA-5B8E-470D-B20E-AC6017B5A1D9}.Release|Any CPU.ActiveCfg = Release|Any CPU
		{72B44FAA-5B8E-470D-B20E-AC6017B5A1D9}.Release|Any CPU.Build.0 = Release|Any CPU
		{2FD91F17-E789-4789-A1F6-5D794E6B6DA7}.Debug|Any CPU.ActiveCfg = Debug|Any CPU
		{2FD91F17-E789-4789-A1F6-5D794E6B6DA7}.Debug|Any CPU.Build.0 = Debug|Any CPU
		{2FD91F17-E789-4789-A1F6-5D794E6B6DA7}.Release|Any CPU.ActiveCfg = Release|Any CPU
		{2FD91F17-E789-4789-A1F6-5D794E6B6DA7}.Release|Any CPU.Build.0 = Release|Any CPU
		{7A8A4E1B-4BBF-4EB9-A84C-0EEAC9821461}.Debug|Any CPU.ActiveCfg = Debug|Any CPU
		{7A8A4E1B-4BBF-4EB9-A84C-0EEAC9821461}.Debug|Any CPU.Build.0 = Debug|Any CPU
		{7A8A4E1B-4BBF-4EB9-A84C-0EEAC9821461}.Release|Any CPU.ActiveCfg = Release|Any CPU
		{7A8A4E1B-4BBF-4EB9-A84C-0EEAC9821461}.Release|Any CPU.Build.0 = Release|Any CPU
		{8179677B-F8FB-4F6F-A520-A8C0437355FE}.Debug|Any CPU.ActiveCfg = Debug|Any CPU
		{8179677B-F8FB-4F6F-A520-A8C0437355FE}.Debug|Any CPU.Build.0 = Debug|Any CPU
		{8179677B-F8FB-4F6F-A520-A8C0437355FE}.Release|Any CPU.ActiveCfg = Release|Any CPU
		{8179677B-F8FB-4F6F-A520-A8C0437355FE}.Release|Any CPU.Build.0 = Release|Any CPU
		{1C3E806E-AA61-4DB7-A17F-4282C7B34339}.Debug|Any CPU.ActiveCfg = Debug|Any CPU
		{1C3E806E-AA61-4DB7-A17F-4282C7B34339}.Debug|Any CPU.Build.0 = Debug|Any CPU
		{1C3E806E-AA61-4DB7-A17F-4282C7B34339}.Release|Any CPU.ActiveCfg = Release|Any CPU
		{1C3E806E-AA61-4DB7-A17F-4282C7B34339}.Release|Any CPU.Build.0 = Release|Any CPU
		{08AA2078-B9B4-4A24-9095-3D9FF57F2CBC}.Debug|Any CPU.ActiveCfg = Debug|Any CPU
		{08AA2078-B9B4-4A24-9095-3D9FF57F2CBC}.Debug|Any CPU.Build.0 = Debug|Any CPU
		{08AA2078-B9B4-4A24-9095-3D9FF57F2CBC}.Release|Any CPU.ActiveCfg = Release|Any CPU
		{08AA2078-B9B4-4A24-9095-3D9FF57F2CBC}.Release|Any CPU.Build.0 = Release|Any CPU
		{8932BD8E-EBAB-48D5-8496-A9D0E5B85D06}.Debug|Any CPU.ActiveCfg = Debug|Any CPU
		{8932BD8E-EBAB-48D5-8496-A9D0E5B85D06}.Debug|Any CPU.Build.0 = Debug|Any CPU
		{8932BD8E-EBAB-48D5-8496-A9D0E5B85D06}.Release|Any CPU.ActiveCfg = Release|Any CPU
		{8932BD8E-EBAB-48D5-8496-A9D0E5B85D06}.Release|Any CPU.Build.0 = Release|Any CPU
		{1C22408D-E366-4452-8357-FC582340CBD0}.Debug|Any CPU.ActiveCfg = Debug|Any CPU
		{1C22408D-E366-4452-8357-FC582340CBD0}.Debug|Any CPU.Build.0 = Debug|Any CPU
		{1C22408D-E366-4452-8357-FC582340CBD0}.Release|Any CPU.ActiveCfg = Release|Any CPU
		{1C22408D-E366-4452-8357-FC582340CBD0}.Release|Any CPU.Build.0 = Release|Any CPU
		{ED6F657A-D1BF-4523-B303-82E7AC8788DE}.Debug|Any CPU.ActiveCfg = Debug|Any CPU
		{ED6F657A-D1BF-4523-B303-82E7AC8788DE}.Debug|Any CPU.Build.0 = Debug|Any CPU
		{ED6F657A-D1BF-4523-B303-82E7AC8788DE}.Release|Any CPU.ActiveCfg = Release|Any CPU
		{ED6F657A-D1BF-4523-B303-82E7AC8788DE}.Release|Any CPU.Build.0 = Release|Any CPU
		{EBB4385B-D592-4A9A-A42B-22C506577835}.Debug|Any CPU.ActiveCfg = Debug|Any CPU
		{EBB4385B-D592-4A9A-A42B-22C506577835}.Debug|Any CPU.Build.0 = Debug|Any CPU
		{EBB4385B-D592-4A9A-A42B-22C506577835}.Release|Any CPU.ActiveCfg = Release|Any CPU
		{EBB4385B-D592-4A9A-A42B-22C506577835}.Release|Any CPU.Build.0 = Release|Any CPU
		{A89CA8DD-8730-4291-B931-85ADBE3E964A}.Debug|Any CPU.ActiveCfg = Debug|Any CPU
		{A89CA8DD-8730-4291-B931-85ADBE3E964A}.Debug|Any CPU.Build.0 = Debug|Any CPU
		{A89CA8DD-8730-4291-B931-85ADBE3E964A}.Release|Any CPU.ActiveCfg = Release|Any CPU
		{A89CA8DD-8730-4291-B931-85ADBE3E964A}.Release|Any CPU.Build.0 = Release|Any CPU
		{471A092B-76F9-4789-B028-113D5A1C261E}.Debug|Any CPU.ActiveCfg = Debug|Any CPU
		{471A092B-76F9-4789-B028-113D5A1C261E}.Debug|Any CPU.Build.0 = Debug|Any CPU
		{471A092B-76F9-4789-B028-113D5A1C261E}.Release|Any CPU.ActiveCfg = Release|Any CPU
		{471A092B-76F9-4789-B028-113D5A1C261E}.Release|Any CPU.Build.0 = Release|Any CPU
		{ACF6EC25-CD19-42D3-A5B1-4D9EF5C4B7C1}.Debug|Any CPU.ActiveCfg = Debug|Any CPU
		{ACF6EC25-CD19-42D3-A5B1-4D9EF5C4B7C1}.Debug|Any CPU.Build.0 = Debug|Any CPU
		{ACF6EC25-CD19-42D3-A5B1-4D9EF5C4B7C1}.Release|Any CPU.ActiveCfg = Release|Any CPU
		{ACF6EC25-CD19-42D3-A5B1-4D9EF5C4B7C1}.Release|Any CPU.Build.0 = Release|Any CPU
	EndGlobalSection
	GlobalSection(SolutionProperties) = preSolution
		HideSolutionNode = FALSE
	EndGlobalSection
	GlobalSection(NestedProjects) = preSolution
		{00CC1A50-B233-4045-9540-CB2316808C1B} = {8FC36475-1AD2-4EA0-96E0-D09E35E4B721}
		{35D73C72-267B-4598-ABC0-F1E1BACDE451} = {269EAC4A-4214-4458-9B65-42E809E168E7}
		{A904B17F-1015-4676-B731-32353C22C49D} = {97118BF6-2939-475C-9FE9-18401F1D744F}
		{3C2A0FC7-4485-4654-B3B2-5717A2F2C97A} = {8FC36475-1AD2-4EA0-96E0-D09E35E4B721}
		{C8076D77-4C5A-450E-AF3F-9E37A8B512D8} = {97118BF6-2939-475C-9FE9-18401F1D744F}
		{C40A0924-7A1C-4488-ADF1-3B57ACEFD892} = {97118BF6-2939-475C-9FE9-18401F1D744F}
		{D3BFCC28-012C-45A0-8B24-D1349D81E86D} = {8FC36475-1AD2-4EA0-96E0-D09E35E4B721}
		{8E96EC9F-6332-4274-AA07-F8D30FA0284C} = {8FC36475-1AD2-4EA0-96E0-D09E35E4B721}
		{72B44FAA-5B8E-470D-B20E-AC6017B5A1D9} = {269EAC4A-4214-4458-9B65-42E809E168E7}
		{2FD91F17-E789-4789-A1F6-5D794E6B6DA7} = {8FC36475-1AD2-4EA0-96E0-D09E35E4B721}
		{7A8A4E1B-4BBF-4EB9-A84C-0EEAC9821461} = {269EAC4A-4214-4458-9B65-42E809E168E7}
		{8179677B-F8FB-4F6F-A520-A8C0437355FE} = {97118BF6-2939-475C-9FE9-18401F1D744F}
		{1C3E806E-AA61-4DB7-A17F-4282C7B34339} = {4F01ABD9-3F66-4D4B-A8B0-ED15B77099E2}
		{08AA2078-B9B4-4A24-9095-3D9FF57F2CBC} = {4F01ABD9-3F66-4D4B-A8B0-ED15B77099E2}
		{8932BD8E-EBAB-48D5-8496-A9D0E5B85D06} = {4F01ABD9-3F66-4D4B-A8B0-ED15B77099E2}
		{1C22408D-E366-4452-8357-FC582340CBD0} = {4F01ABD9-3F66-4D4B-A8B0-ED15B77099E2}
		{ED6F657A-D1BF-4523-B303-82E7AC8788DE} = {4F01ABD9-3F66-4D4B-A8B0-ED15B77099E2}
		{EBB4385B-D592-4A9A-A42B-22C506577835} = {8FC36475-1AD2-4EA0-96E0-D09E35E4B721}
		{A89CA8DD-8730-4291-B931-85ADBE3E964A} = {4F01ABD9-3F66-4D4B-A8B0-ED15B77099E2}
		{471A092B-76F9-4789-B028-113D5A1C261E} = {4F01ABD9-3F66-4D4B-A8B0-ED15B77099E2}
	EndGlobalSection
	GlobalSection(ExtensibilityGlobals) = postSolution
		SolutionGuid = {AA05E375-911A-4C8F-A6D6-C0B895E7BDE4}
	EndGlobalSection
EndGlobal
