
Microsoft Visual Studio Solution File, Format Version 12.00
# Visual Studio 15
VisualStudioVersion = 15.0.26228.4
MinimumVisualStudioVersion = 10.0.40219.1
Project("{9A19103F-16F7-4668-BE54-9A1E7A4F7556}") = "MirrorSharp.Common", "MirrorSharp.Common\MirrorSharp.Common.csproj", "{C130C962-D17F-4741-B2B4-D74263BF380A}"
EndProject
Project("{9A19103F-16F7-4668-BE54-9A1E7A4F7556}") = "MirrorSharp.AspNetCore.Demo", "MirrorSharp.AspNetCore.Demo\MirrorSharp.AspNetCore.Demo.csproj", "{70BCCC0E-6EEF-40D0-932A-87F9C42BD67B}"
EndProject
Project("{9A19103F-16F7-4668-BE54-9A1E7A4F7556}") = "MirrorSharp.Tests.Roslyn1", "MirrorSharp.Tests.Roslyn1\MirrorSharp.Tests.Roslyn1.csproj", "{09F91A91-3DB9-44FF-A65E-5DB5A3F3A7A5}"
EndProject
Project("{9A19103F-16F7-4668-BE54-9A1E7A4F7556}") = "MirrorSharp.AspNetCore", "MirrorSharp.AspNetCore\MirrorSharp.AspNetCore.csproj", "{EED8CD01-22F8-4E7B-95F0-2C778A6971FC}"
EndProject
Project("{9A19103F-16F7-4668-BE54-9A1E7A4F7556}") = "MirrorSharp.Owin", "MirrorSharp.Owin\MirrorSharp.Owin.csproj", "{00CC1A50-B233-4045-9540-CB2316808C1B}"
EndProject
Project("{9A19103F-16F7-4668-BE54-9A1E7A4F7556}") = "MirrorSharp.Owin.Demo", "MirrorSharp.Owin.Demo\MirrorSharp.Owin.Demo.csproj", "{D2EB1CDD-12B5-4FDC-A56C-8A327200E759}"
EndProject
Project("{9A19103F-16F7-4668-BE54-9A1E7A4F7556}") = "MirrorSharp.WebAssets", "MirrorSharp.WebAssets\MirrorSharp.WebAssets.csproj", "{FF13139E-69D3-472E-B4FE-AC2623AD67B9}"
EndProject
Project("{9A19103F-16F7-4668-BE54-9A1E7A4F7556}") = "MirrorSharp.Benchmarks", "MirrorSharp.Benchmarks\MirrorSharp.Benchmarks.csproj", "{35D73C72-267B-4598-ABC0-F1E1BACDE451}"
EndProject
Project("{9A19103F-16F7-4668-BE54-9A1E7A4F7556}") = "MirrorSharp.Testing", "MirrorSharp.Testing\MirrorSharp.Testing.csproj", "{0814C69A-E4A5-4FC9-BC57-415F8295B6B6}"
EndProject
Project("{9A19103F-16F7-4668-BE54-9A1E7A4F7556}") = "MirrorSharp.Tests.Roslyn2", "MirrorSharp.Tests.Roslyn2\MirrorSharp.Tests.Roslyn2.csproj", "{E9DA1F26-C48A-4528-9374-A78028B02F2D}"
EndProject
Project("{D954291E-2A0B-460D-934E-DC6B0785DB48}") = "MirrorSharp.Tests.Shared", "MirrorSharp.Tests.Shared\MirrorSharp.Tests.Shared.shproj", "{0A9078A1-BD26-4DC7-87BB-DED125F6218B}"
EndProject
Global
	GlobalSection(SharedMSBuildProjectFiles) = preSolution
		MirrorSharp.Tests.Shared\MirrorSharp.Tests.Shared.projitems*{0a9078a1-bd26-4dc7-87bb-ded125f6218b}*SharedItemsImports = 13
	EndGlobalSection
	GlobalSection(SolutionConfigurationPlatforms) = preSolution
		Debug|Any CPU = Debug|Any CPU
		Release|Any CPU = Release|Any CPU
	EndGlobalSection
	GlobalSection(ProjectConfigurationPlatforms) = postSolution
		{C130C962-D17F-4741-B2B4-D74263BF380A}.Debug|Any CPU.ActiveCfg = Debug|Any CPU
		{C130C962-D17F-4741-B2B4-D74263BF380A}.Debug|Any CPU.Build.0 = Debug|Any CPU
		{C130C962-D17F-4741-B2B4-D74263BF380A}.Release|Any CPU.ActiveCfg = Release|Any CPU
		{C130C962-D17F-4741-B2B4-D74263BF380A}.Release|Any CPU.Build.0 = Release|Any CPU
		{70BCCC0E-6EEF-40D0-932A-87F9C42BD67B}.Debug|Any CPU.ActiveCfg = Debug|Any CPU
		{70BCCC0E-6EEF-40D0-932A-87F9C42BD67B}.Debug|Any CPU.Build.0 = Debug|Any CPU
		{70BCCC0E-6EEF-40D0-932A-87F9C42BD67B}.Release|Any CPU.ActiveCfg = Release|Any CPU
		{70BCCC0E-6EEF-40D0-932A-87F9C42BD67B}.Release|Any CPU.Build.0 = Release|Any CPU
		{09F91A91-3DB9-44FF-A65E-5DB5A3F3A7A5}.Debug|Any CPU.ActiveCfg = Debug|Any CPU
		{09F91A91-3DB9-44FF-A65E-5DB5A3F3A7A5}.Debug|Any CPU.Build.0 = Debug|Any CPU
		{09F91A91-3DB9-44FF-A65E-5DB5A3F3A7A5}.Release|Any CPU.ActiveCfg = Release|Any CPU
		{09F91A91-3DB9-44FF-A65E-5DB5A3F3A7A5}.Release|Any CPU.Build.0 = Release|Any CPU
		{EED8CD01-22F8-4E7B-95F0-2C778A6971FC}.Debug|Any CPU.ActiveCfg = Debug|Any CPU
		{EED8CD01-22F8-4E7B-95F0-2C778A6971FC}.Debug|Any CPU.Build.0 = Debug|Any CPU
		{EED8CD01-22F8-4E7B-95F0-2C778A6971FC}.Release|Any CPU.ActiveCfg = Release|Any CPU
		{EED8CD01-22F8-4E7B-95F0-2C778A6971FC}.Release|Any CPU.Build.0 = Release|Any CPU
		{00CC1A50-B233-4045-9540-CB2316808C1B}.Debug|Any CPU.ActiveCfg = Debug|Any CPU
		{00CC1A50-B233-4045-9540-CB2316808C1B}.Debug|Any CPU.Build.0 = Debug|Any CPU
		{00CC1A50-B233-4045-9540-CB2316808C1B}.Release|Any CPU.ActiveCfg = Release|Any CPU
		{00CC1A50-B233-4045-9540-CB2316808C1B}.Release|Any CPU.Build.0 = Release|Any CPU
		{D2EB1CDD-12B5-4FDC-A56C-8A327200E759}.Debug|Any CPU.ActiveCfg = Debug|Any CPU
		{D2EB1CDD-12B5-4FDC-A56C-8A327200E759}.Debug|Any CPU.Build.0 = Debug|Any CPU
		{D2EB1CDD-12B5-4FDC-A56C-8A327200E759}.Release|Any CPU.ActiveCfg = Release|Any CPU
		{D2EB1CDD-12B5-4FDC-A56C-8A327200E759}.Release|Any CPU.Build.0 = Release|Any CPU
		{FF13139E-69D3-472E-B4FE-AC2623AD67B9}.Debug|Any CPU.ActiveCfg = Debug|Any CPU
		{FF13139E-69D3-472E-B4FE-AC2623AD67B9}.Debug|Any CPU.Build.0 = Debug|Any CPU
		{FF13139E-69D3-472E-B4FE-AC2623AD67B9}.Release|Any CPU.ActiveCfg = Release|Any CPU
		{FF13139E-69D3-472E-B4FE-AC2623AD67B9}.Release|Any CPU.Build.0 = Release|Any CPU
		{35D73C72-267B-4598-ABC0-F1E1BACDE451}.Debug|Any CPU.ActiveCfg = Debug|Any CPU
		{35D73C72-267B-4598-ABC0-F1E1BACDE451}.Debug|Any CPU.Build.0 = Debug|Any CPU
		{35D73C72-267B-4598-ABC0-F1E1BACDE451}.Release|Any CPU.ActiveCfg = Release|Any CPU
		{35D73C72-267B-4598-ABC0-F1E1BACDE451}.Release|Any CPU.Build.0 = Release|Any CPU
		{0814C69A-E4A5-4FC9-BC57-415F8295B6B6}.Debug|Any CPU.ActiveCfg = Debug|Any CPU
		{0814C69A-E4A5-4FC9-BC57-415F8295B6B6}.Debug|Any CPU.Build.0 = Debug|Any CPU
		{0814C69A-E4A5-4FC9-BC57-415F8295B6B6}.Release|Any CPU.ActiveCfg = Release|Any CPU
		{0814C69A-E4A5-4FC9-BC57-415F8295B6B6}.Release|Any CPU.Build.0 = Release|Any CPU
		{E9DA1F26-C48A-4528-9374-A78028B02F2D}.Debug|Any CPU.ActiveCfg = Debug|Any CPU
		{E9DA1F26-C48A-4528-9374-A78028B02F2D}.Debug|Any CPU.Build.0 = Debug|Any CPU
		{E9DA1F26-C48A-4528-9374-A78028B02F2D}.Release|Any CPU.ActiveCfg = Release|Any CPU
		{E9DA1F26-C48A-4528-9374-A78028B02F2D}.Release|Any CPU.Build.0 = Release|Any CPU
	EndGlobalSection
	GlobalSection(SolutionProperties) = preSolution
		HideSolutionNode = FALSE
	EndGlobalSection
EndGlobal
