
Microsoft Visual Studio Solution File, Format Version 12.00
# Visual Studio 15
VisualStudioVersion = 15.0.26403.3
MinimumVisualStudioVersion = 10.0.40219.1
Project("{9A19103F-16F7-4668-BE54-9A1E7A4F7556}") = "Common", "Common\Common.csproj", "{C130C962-D17F-4741-B2B4-D74263BF380A}"
EndProject
Project("{9A19103F-16F7-4668-BE54-9A1E7A4F7556}") = "Owin", "Owin\Owin.csproj", "{00CC1A50-B233-4045-9540-CB2316808C1B}"
EndProject
Project("{9A19103F-16F7-4668-BE54-9A1E7A4F7556}") = "WebAssets", "WebAssets\WebAssets.csproj", "{FF13139E-69D3-472E-B4FE-AC2623AD67B9}"
EndProject
Project("{9A19103F-16F7-4668-BE54-9A1E7A4F7556}") = "Benchmarks", "Benchmarks\Benchmarks.csproj", "{35D73C72-267B-4598-ABC0-F1E1BACDE451}"
EndProject
Project("{9A19103F-16F7-4668-BE54-9A1E7A4F7556}") = "Testing", "Testing\Testing.csproj", "{0814C69A-E4A5-4FC9-BC57-415F8295B6B6}"
EndProject
Project("{D954291E-2A0B-460D-934E-DC6B0785DB48}") = "Tests.Shared", "Tests.Shared\Tests.Shared.shproj", "{0A9078A1-BD26-4DC7-87BB-DED125F6218B}"
EndProject
Project("{9A19103F-16F7-4668-BE54-9A1E7A4F7556}") = "FSharp", "FSharp\FSharp.csproj", "{A904B17F-1015-4676-B731-32353C22C49D}"
EndProject
Project("{9A19103F-16F7-4668-BE54-9A1E7A4F7556}") = "Tests.Roslyn2.Net46", "Tests.Roslyn2.Net46\Tests.Roslyn2.Net46.csproj", "{7F531F1E-5AF6-4FC6-BF71-84EB00C1B1EC}"
EndProject
Project("{9A19103F-16F7-4668-BE54-9A1E7A4F7556}") = "Owin.Demo", "Owin.Demo\Owin.Demo.csproj", "{3C2A0FC7-4485-4654-B3B2-5717A2F2C97A}"
EndProject
Project("{9A19103F-16F7-4668-BE54-9A1E7A4F7556}") = "VisualBasic", "VisualBasic\VisualBasic.csproj", "{C8076D77-4C5A-450E-AF3F-9E37A8B512D8}"
EndProject
Project("{2150E333-8FDC-42A3-9474-1A3956D46DE8}") = "[Includes]", "[Includes]", "{9EC6CF09-4D36-4723-9548-060215C88E50}"
	ProjectSection(SolutionItems) = preProject
		NuGet.Common.props = NuGet.Common.props
	EndProjectSection
EndProject
Project("{9A19103F-16F7-4668-BE54-9A1E7A4F7556}") = "Php", "Php\Php.csproj", "{C40A0924-7A1C-4488-ADF1-3B57ACEFD892}"
EndProject
Project("{9A19103F-16F7-4668-BE54-9A1E7A4F7556}") = "Tests.Roslyn2.NetCore", "Tests.Roslyn2.NetCore\Tests.Roslyn2.NetCore.csproj", "{848ABF7B-3C8E-46FE-AEDD-F4DEA97F4B5F}"
EndProject
Project("{FAE04EC0-301F-11D3-BF4B-00C04F79EFBC}") = "AspNetCore", "AspNetCore\AspNetCore.csproj", "{D3BFCC28-012C-45A0-8B24-D1349D81E86D}"
EndProject
Project("{2150E333-8FDC-42A3-9474-1A3956D46DE8}") = "[Servers]", "[Servers]", "{8FC36475-1AD2-4EA0-96E0-D09E35E4B721}"
EndProject
Project("{2150E333-8FDC-42A3-9474-1A3956D46DE8}") = "[Languages]", "[Languages]", "{97118BF6-2939-475C-9FE9-18401F1D744F}"
EndProject
Project("{2150E333-8FDC-42A3-9474-1A3956D46DE8}") = "[Tests]", "[Tests]", "{269EAC4A-4214-4458-9B65-42E809E168E7}"
EndProject
Project("{FAE04EC0-301F-11D3-BF4B-00C04F79EFBC}") = "AspNetCore.Demo", "AspNetCore.Demo\AspNetCore.Demo.csproj", "{8E96EC9F-6332-4274-AA07-F8D30FA0284C}"
EndProject
Global
	GlobalSection(SharedMSBuildProjectFiles) = preSolution
		Tests.Shared\MirrorSharp.Tests.Shared.projitems*{0a9078a1-bd26-4dc7-87bb-ded125f6218b}*SharedItemsImports = 13
	EndGlobalSection
	GlobalSection(SolutionConfigurationPlatforms) = preSolution
		Debug|Any CPU = Debug|Any CPU
		Release|Any CPU = Release|Any CPU
	EndGlobalSection
	GlobalSection(ProjectConfigurationPlatforms) = postSolution
		{C130C962-D17F-4741-B2B4-D74263BF380A}.Debug|Any CPU.ActiveCfg = Debug|Any CPU
		{C130C962-D17F-4741-B2B4-D74263BF380A}.Debug|Any CPU.Build.0 = Debug|Any CPU
		{C130C962-D17F-4741-B2B4-D74263BF380A}.Release|Any CPU.ActiveCfg = Release|Any CPU
		{C130C962-D17F-4741-B2B4-D74263BF380A}.Release|Any CPU.Build.0 = Release|Any CPU
		{00CC1A50-B233-4045-9540-CB2316808C1B}.Debug|Any CPU.ActiveCfg = Debug|Any CPU
		{00CC1A50-B233-4045-9540-CB2316808C1B}.Debug|Any CPU.Build.0 = Debug|Any CPU
		{00CC1A50-B233-4045-9540-CB2316808C1B}.Release|Any CPU.ActiveCfg = Release|Any CPU
		{00CC1A50-B233-4045-9540-CB2316808C1B}.Release|Any CPU.Build.0 = Release|Any CPU
		{FF13139E-69D3-472E-B4FE-AC2623AD67B9}.Debug|Any CPU.ActiveCfg = Debug|Any CPU
		{FF13139E-69D3-472E-B4FE-AC2623AD67B9}.Release|Any CPU.ActiveCfg = Release|Any CPU
		{35D73C72-267B-4598-ABC0-F1E1BACDE451}.Debug|Any CPU.ActiveCfg = Debug|Any CPU
		{35D73C72-267B-4598-ABC0-F1E1BACDE451}.Debug|Any CPU.Build.0 = Debug|Any CPU
		{35D73C72-267B-4598-ABC0-F1E1BACDE451}.Release|Any CPU.ActiveCfg = Release|Any CPU
		{35D73C72-267B-4598-ABC0-F1E1BACDE451}.Release|Any CPU.Build.0 = Release|Any CPU
		{0814C69A-E4A5-4FC9-BC57-415F8295B6B6}.Debug|Any CPU.ActiveCfg = Debug|Any CPU
		{0814C69A-E4A5-4FC9-BC57-415F8295B6B6}.Debug|Any CPU.Build.0 = Debug|Any CPU
		{0814C69A-E4A5-4FC9-BC57-415F8295B6B6}.Release|Any CPU.ActiveCfg = Release|Any CPU
		{0814C69A-E4A5-4FC9-BC57-415F8295B6B6}.Release|Any CPU.Build.0 = Release|Any CPU
		{A904B17F-1015-4676-B731-32353C22C49D}.Debug|Any CPU.ActiveCfg = Debug|Any CPU
		{A904B17F-1015-4676-B731-32353C22C49D}.Debug|Any CPU.Build.0 = Debug|Any CPU
		{A904B17F-1015-4676-B731-32353C22C49D}.Release|Any CPU.ActiveCfg = Release|Any CPU
		{A904B17F-1015-4676-B731-32353C22C49D}.Release|Any CPU.Build.0 = Release|Any CPU
		{7F531F1E-5AF6-4FC6-BF71-84EB00C1B1EC}.Debug|Any CPU.ActiveCfg = Debug|Any CPU
		{7F531F1E-5AF6-4FC6-BF71-84EB00C1B1EC}.Debug|Any CPU.Build.0 = Debug|Any CPU
		{7F531F1E-5AF6-4FC6-BF71-84EB00C1B1EC}.Release|Any CPU.ActiveCfg = Release|Any CPU
		{7F531F1E-5AF6-4FC6-BF71-84EB00C1B1EC}.Release|Any CPU.Build.0 = Release|Any CPU
		{3C2A0FC7-4485-4654-B3B2-5717A2F2C97A}.Debug|Any CPU.ActiveCfg = Debug|Any CPU
		{3C2A0FC7-4485-4654-B3B2-5717A2F2C97A}.Debug|Any CPU.Build.0 = Debug|Any CPU
		{3C2A0FC7-4485-4654-B3B2-5717A2F2C97A}.Release|Any CPU.ActiveCfg = Release|Any CPU
		{3C2A0FC7-4485-4654-B3B2-5717A2F2C97A}.Release|Any CPU.Build.0 = Release|Any CPU
		{C8076D77-4C5A-450E-AF3F-9E37A8B512D8}.Debug|Any CPU.ActiveCfg = Debug|Any CPU
		{C8076D77-4C5A-450E-AF3F-9E37A8B512D8}.Debug|Any CPU.Build.0 = Debug|Any CPU
		{C8076D77-4C5A-450E-AF3F-9E37A8B512D8}.Release|Any CPU.ActiveCfg = Release|Any CPU
		{C8076D77-4C5A-450E-AF3F-9E37A8B512D8}.Release|Any CPU.Build.0 = Release|Any CPU
		{C40A0924-7A1C-4488-ADF1-3B57ACEFD892}.Debug|Any CPU.ActiveCfg = Debug|Any CPU
		{C40A0924-7A1C-4488-ADF1-3B57ACEFD892}.Debug|Any CPU.Build.0 = Debug|Any CPU
		{C40A0924-7A1C-4488-ADF1-3B57ACEFD892}.Release|Any CPU.ActiveCfg = Release|Any CPU
		{C40A0924-7A1C-4488-ADF1-3B57ACEFD892}.Release|Any CPU.Build.0 = Release|Any CPU
		{848ABF7B-3C8E-46FE-AEDD-F4DEA97F4B5F}.Debug|Any CPU.ActiveCfg = Debug|Any CPU
		{848ABF7B-3C8E-46FE-AEDD-F4DEA97F4B5F}.Debug|Any CPU.Build.0 = Debug|Any CPU
		{848ABF7B-3C8E-46FE-AEDD-F4DEA97F4B5F}.Release|Any CPU.ActiveCfg = Release|Any CPU
		{848ABF7B-3C8E-46FE-AEDD-F4DEA97F4B5F}.Release|Any CPU.Build.0 = Release|Any CPU
		{D3BFCC28-012C-45A0-8B24-D1349D81E86D}.Debug|Any CPU.ActiveCfg = Debug|Any CPU
		{D3BFCC28-012C-45A0-8B24-D1349D81E86D}.Debug|Any CPU.Build.0 = Debug|Any CPU
		{D3BFCC28-012C-45A0-8B24-D1349D81E86D}.Release|Any CPU.ActiveCfg = Release|Any CPU
		{D3BFCC28-012C-45A0-8B24-D1349D81E86D}.Release|Any CPU.Build.0 = Release|Any CPU
		{8E96EC9F-6332-4274-AA07-F8D30FA0284C}.Debug|Any CPU.ActiveCfg = Debug|Any CPU
		{8E96EC9F-6332-4274-AA07-F8D30FA0284C}.Debug|Any CPU.Build.0 = Debug|Any CPU
		{8E96EC9F-6332-4274-AA07-F8D30FA0284C}.Release|Any CPU.ActiveCfg = Release|Any CPU
		{8E96EC9F-6332-4274-AA07-F8D30FA0284C}.Release|Any CPU.Build.0 = Release|Any CPU
	EndGlobalSection
	GlobalSection(SolutionProperties) = preSolution
		HideSolutionNode = FALSE
	EndGlobalSection
	GlobalSection(NestedProjects) = preSolution
		{00CC1A50-B233-4045-9540-CB2316808C1B} = {8FC36475-1AD2-4EA0-96E0-D09E35E4B721}
		{35D73C72-267B-4598-ABC0-F1E1BACDE451} = {269EAC4A-4214-4458-9B65-42E809E168E7}
		{0A9078A1-BD26-4DC7-87BB-DED125F6218B} = {269EAC4A-4214-4458-9B65-42E809E168E7}
		{A904B17F-1015-4676-B731-32353C22C49D} = {97118BF6-2939-475C-9FE9-18401F1D744F}
		{7F531F1E-5AF6-4FC6-BF71-84EB00C1B1EC} = {269EAC4A-4214-4458-9B65-42E809E168E7}
		{3C2A0FC7-4485-4654-B3B2-5717A2F2C97A} = {8FC36475-1AD2-4EA0-96E0-D09E35E4B721}
		{C8076D77-4C5A-450E-AF3F-9E37A8B512D8} = {97118BF6-2939-475C-9FE9-18401F1D744F}
		{C40A0924-7A1C-4488-ADF1-3B57ACEFD892} = {97118BF6-2939-475C-9FE9-18401F1D744F}
		{848ABF7B-3C8E-46FE-AEDD-F4DEA97F4B5F} = {269EAC4A-4214-4458-9B65-42E809E168E7}
		{D3BFCC28-012C-45A0-8B24-D1349D81E86D} = {8FC36475-1AD2-4EA0-96E0-D09E35E4B721}
		{8E96EC9F-6332-4274-AA07-F8D30FA0284C} = {8FC36475-1AD2-4EA0-96E0-D09E35E4B721}
	EndGlobalSection
	GlobalSection(ExtensibilityGlobals) = postSolution
		SolutionGuid = {AA05E375-911A-4C8F-A6D6-C0B895E7BDE4}
	EndGlobalSection
EndGlobal
