{
  "name": "mirrorsharp.aspnetcore.demo",
  "version": "0.0.0",
  "lockfileVersion": 1,
  "requires": true,
  "dependencies": {
    "codemirror": {
      "version": "5.45.0",
      "resolved": "https://registry.npmjs.org/codemirror/-/codemirror-5.45.0.tgz",
      "integrity": "sha512-c19j644usCE8gQaXa0jqn2B/HN9MnB2u6qPIrrhrMkB+QAP42y8G4QnTwuwbVSoUS1jEl7JU9HZMGhCDL0nsAw=="
    },
    "codemirror-addon-infotip": {
      "version": "1.0.0-pre-20180923",
      "resolved": "https://registry.npmjs.org/codemirror-addon-infotip/-/codemirror-addon-infotip-1.0.0-pre-20180923.tgz",
      "integrity": "sha512-efhHSxf0kL+2jqNRgtxrgX5xATLI/GPtDtDrOlv31NX3E+TK5rhLFDHe2D8U3Tzw45F/g8PxhDtPgFoIK9CCZw=="
    },
    "codemirror-addon-lint-fix": {
      "version": "1.0.1-pre-20170118",
      "resolved": "https://registry.npmjs.org/codemirror-addon-lint-fix/-/codemirror-addon-lint-fix-1.0.1-pre-20170118.tgz",
      "integrity": "sha1-HLo13h72OM0Hfs/UqIaKAjOlQ3g="
    },
    "mirrorsharp": {
      "version": "file:../../WebAssets/dist",
      "requires": {
        "@types/codemirror": "0.0.61",
        "codemirror": "^5.18.2",
        "codemirror-addon-infotip": "^1.0.0-pre-20180923",
        "codemirror-addon-lint-fix": "^1.0.1-pre-20170118"
      },
      "dependencies": {
        "@types/codemirror": {
          "version": "0.0.61",
          "bundled": true
        },
        "codemirror": {
          "version": "5.40.2",
          "bundled": true
        },
        "codemirror-addon-infotip": {
          "version": "1.0.0-pre-20180923",
          "bundled": true
        },
        "codemirror-addon-lint-fix": {
          "version": "1.0.1-pre-20170118",
          "bundled": true
        }
      }
    }
  }
}
